
Microsoft Visual Studio Solution File, Format Version 12.00
# Visual Studio Version 17
VisualStudioVersion = 17.5.002.0
MinimumVisualStudioVersion = 10.0.40219.1
Project("{9A19103F-16F7-4668-BE54-9A1E7A4F7556}") = "Employee.API", "Employee.API.csproj", "{5147FDDB-054A-47C7-8594-9A17AD7CE9F5}"
EndProject
Global
	GlobalSection(SolutionConfigurationPlatforms) = preSolution
		Debug|Any CPU = Debug|Any CPU
		Release|Any CPU = Release|Any CPU
	EndGlobalSection
	GlobalSection(ProjectConfigurationPlatforms) = postSolution
		{5147FDDB-054A-47C7-8594-9A17AD7CE9F5}.Debug|Any CPU.ActiveCfg = Debug|Any CPU
		{5147FDDB-054A-47C7-8594-9A17AD7CE9F5}.Debug|Any CPU.Build.0 = Debug|Any CPU
		{5147FDDB-054A-47C7-8594-9A17AD7CE9F5}.Release|Any CPU.ActiveCfg = Release|Any CPU
		{5147FDDB-054A-47C7-8594-9A17AD7CE9F5}.Release|Any CPU.Build.0 = Release|Any CPU
	EndGlobalSection
	GlobalSection(SolutionProperties) = preSolution
		HideSolutionNode = FALSE
	EndGlobalSection
	GlobalSection(ExtensibilityGlobals) = postSolution
		SolutionGuid = {88B45FEB-4ECE-4272-9A86-B871DE3C5C8E}
	EndGlobalSection
EndGlobal
