
Microsoft Visual Studio Solution File, Format Version 12.00
# Visual Studio Version 17
VisualStudioVersion = 17.0.31903.59
MinimumVisualStudioVersion = 10.0.40219.1
Project("{FAE04EC0-301F-11D3-BF4B-00C04F79EFBC}") = "AUTOMATION_TEST_EXAMPLE", "BussinessLoginProgram\AUTOMATION_TEST_EXAMPLE.csproj", "{01FB741E-C336-4315-AA70-3D0D3BC84A28}"
EndProject
Project("{FAE04EC0-301F-11D3-BF4B-00C04F79EFBC}") = "BussinessLoginProgram.Test", "BussinessLoginProgram.Test\BussinessLoginProgram.Test.csproj", "{AB3C50AE-C9AE-46C4-8C7A-B4C5D42EE412}"
EndProject
Global
	GlobalSection(SolutionConfigurationPlatforms) = preSolution
		Debug|Any CPU = Debug|Any CPU
		Release|Any CPU = Release|Any CPU
	EndGlobalSection
	GlobalSection(SolutionProperties) = preSolution
		HideSolutionNode = FALSE
	EndGlobalSection
	GlobalSection(ProjectConfigurationPlatforms) = postSolution
		{01FB741E-C336-4315-AA70-3D0D3BC84A28}.Debug|Any CPU.ActiveCfg = Debug|Any CPU
		{01FB741E-C336-4315-AA70-3D0D3BC84A28}.Debug|Any CPU.Build.0 = Debug|Any CPU
		{01FB741E-C336-4315-AA70-3D0D3BC84A28}.Release|Any CPU.ActiveCfg = Release|Any CPU
		{01FB741E-C336-4315-AA70-3D0D3BC84A28}.Release|Any CPU.Build.0 = Release|Any CPU
		{AB3C50AE-C9AE-46C4-8C7A-B4C5D42EE412}.Debug|Any CPU.ActiveCfg = Debug|Any CPU
		{AB3C50AE-C9AE-46C4-8C7A-B4C5D42EE412}.Debug|Any CPU.Build.0 = Debug|Any CPU
		{AB3C50AE-C9AE-46C4-8C7A-B4C5D42EE412}.Release|Any CPU.ActiveCfg = Release|Any CPU
		{AB3C50AE-C9AE-46C4-8C7A-B4C5D42EE412}.Release|Any CPU.Build.0 = Release|Any CPU
	EndGlobalSection
EndGlobal
